
Microsoft Visual Studio Solution File, Format Version 12.00
# Visual Studio Version 17
VisualStudioVersion = 17.0.31611.283
MinimumVisualStudioVersion = 10.0.40219.1
Project("{9A19103F-16F7-4668-BE54-9A1E7A4F7556}") = "ProyectoAutos", "ProyectoAutos\ProyectoAutos.csproj", "{946EE414-37D6-4035-A2E1-62291ABFA1BD}"
EndProject
Project("{9A19103F-16F7-4668-BE54-9A1E7A4F7556}") = "ListadoAutos.API", "ListadoAutos.API\ListadoAutos.API.csproj", "{4152DFE3-A003-4BC5-BC6A-83A2E36BD45F}"
EndProject
Global
	GlobalSection(SolutionConfigurationPlatforms) = preSolution
		Debug|Any CPU = Debug|Any CPU
		Release|Any CPU = Release|Any CPU
	EndGlobalSection
	GlobalSection(ProjectConfigurationPlatforms) = postSolution
		{946EE414-37D6-4035-A2E1-62291ABFA1BD}.Debug|Any CPU.ActiveCfg = Debug|Any CPU
		{946EE414-37D6-4035-A2E1-62291ABFA1BD}.Debug|Any CPU.Build.0 = Debug|Any CPU
		{946EE414-37D6-4035-A2E1-62291ABFA1BD}.Debug|Any CPU.Deploy.0 = Debug|Any CPU
		{946EE414-37D6-4035-A2E1-62291ABFA1BD}.Release|Any CPU.ActiveCfg = Release|Any CPU
		{946EE414-37D6-4035-A2E1-62291ABFA1BD}.Release|Any CPU.Build.0 = Release|Any CPU
		{946EE414-37D6-4035-A2E1-62291ABFA1BD}.Release|Any CPU.Deploy.0 = Release|Any CPU
		{4152DFE3-A003-4BC5-BC6A-83A2E36BD45F}.Debug|Any CPU.ActiveCfg = Debug|Any CPU
		{4152DFE3-A003-4BC5-BC6A-83A2E36BD45F}.Debug|Any CPU.Build.0 = Debug|Any CPU
		{4152DFE3-A003-4BC5-BC6A-83A2E36BD45F}.Release|Any CPU.ActiveCfg = Release|Any CPU
		{4152DFE3-A003-4BC5-BC6A-83A2E36BD45F}.Release|Any CPU.Build.0 = Release|Any CPU
	EndGlobalSection
	GlobalSection(SolutionProperties) = preSolution
		HideSolutionNode = FALSE
	EndGlobalSection
	GlobalSection(ExtensibilityGlobals) = postSolution
		SolutionGuid = {61F7FB11-1E47-470C-91E2-47F8143E1572}
	EndGlobalSection
EndGlobal
